
Microsoft Visual Studio Solution File, Format Version 12.00
# Visual Studio Version 16
VisualStudioVersion = 16.0.30804.86
MinimumVisualStudioVersion = 10.0.40219.1
Project("{FAE04EC0-301F-11D3-BF4B-00C04F79EFBC}") = "MasterMind_Game", "MasterMind_Game\MasterMind_Game.csproj", "{A03E4D79-DA8B-4E37-848B-FE5C555FAB46}"
EndProject
Global
	GlobalSection(SolutionConfigurationPlatforms) = preSolution
		Debug|Any CPU = Debug|Any CPU
		Release|Any CPU = Release|Any CPU
	EndGlobalSection
	GlobalSection(ProjectConfigurationPlatforms) = postSolution
		{A03E4D79-DA8B-4E37-848B-FE5C555FAB46}.Debug|Any CPU.ActiveCfg = Debug|Any CPU
		{A03E4D79-DA8B-4E37-848B-FE5C555FAB46}.Debug|Any CPU.Build.0 = Debug|Any CPU
		{A03E4D79-DA8B-4E37-848B-FE5C555FAB46}.Release|Any CPU.ActiveCfg = Release|Any CPU
		{A03E4D79-DA8B-4E37-848B-FE5C555FAB46}.Release|Any CPU.Build.0 = Release|Any CPU
	EndGlobalSection
	GlobalSection(SolutionProperties) = preSolution
		HideSolutionNode = FALSE
	EndGlobalSection
	GlobalSection(ExtensibilityGlobals) = postSolution
		SolutionGuid = {AE06F621-D226-44E3-B8A3-18F87AE8E898}
	EndGlobalSection
EndGlobal
